
Microsoft Visual Studio Solution File, Format Version 12.00
# Visual Studio Version 17
VisualStudioVersion = 17.9.34728.123
MinimumVisualStudioVersion = 10.0.40219.1
Project("{FAE04EC0-301F-11D3-BF4B-00C04F79EFBC}") = "RespawnFix", "RespawnFix\RespawnFix.csproj", "{765F096D-0EC1-4967-A4A7-3AD1D694AAB5}"
EndProject
Global
	GlobalSection(SolutionConfigurationPlatforms) = preSolution
		Debug|Any CPU = Debug|Any CPU
		Release|Any CPU = Release|Any CPU
	EndGlobalSection
	GlobalSection(ProjectConfigurationPlatforms) = postSolution
		{765F096D-0EC1-4967-A4A7-3AD1D694AAB5}.Debug|Any CPU.ActiveCfg = Debug|Any CPU
		{765F096D-0EC1-4967-A4A7-3AD1D694AAB5}.Debug|Any CPU.Build.0 = Debug|Any CPU
		{765F096D-0EC1-4967-A4A7-3AD1D694AAB5}.Release|Any CPU.ActiveCfg = Release|Any CPU
		{765F096D-0EC1-4967-A4A7-3AD1D694AAB5}.Release|Any CPU.Build.0 = Release|Any CPU
	EndGlobalSection
	GlobalSection(SolutionProperties) = preSolution
		HideSolutionNode = FALSE
	EndGlobalSection
	GlobalSection(ExtensibilityGlobals) = postSolution
		SolutionGuid = {21A1E20E-DCE4-4CF6-B7E8-CF4F3CC9431B}
	EndGlobalSection
EndGlobal
